
Microsoft Visual Studio Solution File, Format Version 12.00
# Visual Studio 15
VisualStudioVersion = 15.0.28010.2046
MinimumVisualStudioVersion = 10.0.40219.1
Project("{9A19103F-16F7-4668-BE54-9A1E7A4F7556}") = "Registry", "Registry\Registry.csproj", "{5C40BE24-A89D-4973-B668-2D6E945CB047}"
EndProject
Project("{9A19103F-16F7-4668-BE54-9A1E7A4F7556}") = "ExampleApp", "ExampleApp\ExampleApp.csproj", "{59EA257D-E4A2-4820-B911-1D6A3C8C70F9}"
EndProject
Project("{9A19103F-16F7-4668-BE54-9A1E7A4F7556}") = "Registry.Test", "Registry.Test\Registry.Test.csproj", "{0E97C9AC-C1FD-482F-A0DC-548F8402562A}"
EndProject
Global
	GlobalSection(SolutionConfigurationPlatforms) = preSolution
		Debug|Any CPU = Debug|Any CPU
		Release|Any CPU = Release|Any CPU
	EndGlobalSection
	GlobalSection(ProjectConfigurationPlatforms) = postSolution
		{5C40BE24-A89D-4973-B668-2D6E945CB047}.Debug|Any CPU.ActiveCfg = Debug|Any CPU
		{5C40BE24-A89D-4973-B668-2D6E945CB047}.Debug|Any CPU.Build.0 = Debug|Any CPU
		{5C40BE24-A89D-4973-B668-2D6E945CB047}.Release|Any CPU.ActiveCfg = Release|Any CPU
		{5C40BE24-A89D-4973-B668-2D6E945CB047}.Release|Any CPU.Build.0 = Release|Any CPU
		{59EA257D-E4A2-4820-B911-1D6A3C8C70F9}.Debug|Any CPU.ActiveCfg = Debug|Any CPU
		{59EA257D-E4A2-4820-B911-1D6A3C8C70F9}.Release|Any CPU.ActiveCfg = Release|Any CPU
		{59EA257D-E4A2-4820-B911-1D6A3C8C70F9}.Release|Any CPU.Build.0 = Release|Any CPU
		{0E97C9AC-C1FD-482F-A0DC-548F8402562A}.Debug|Any CPU.ActiveCfg = Debug|Any CPU
		{0E97C9AC-C1FD-482F-A0DC-548F8402562A}.Debug|Any CPU.Build.0 = Debug|Any CPU
		{0E97C9AC-C1FD-482F-A0DC-548F8402562A}.Release|Any CPU.ActiveCfg = Release|Any CPU
		{0E97C9AC-C1FD-482F-A0DC-548F8402562A}.Release|Any CPU.Build.0 = Release|Any CPU
	EndGlobalSection
	GlobalSection(SolutionProperties) = preSolution
		HideSolutionNode = FALSE
	EndGlobalSection
	GlobalSection(ExtensibilityGlobals) = postSolution
		SolutionGuid = {3A6C6CBA-DC68-4707-9519-DC2268422BF7}
	EndGlobalSection
EndGlobal
