
Microsoft Visual Studio Solution File, Format Version 12.00
# Visual Studio 15
VisualStudioVersion = 15.0.28307.421
MinimumVisualStudioVersion = 10.0.40219.1
Project("{9A19103F-16F7-4668-BE54-9A1E7A4F7556}") = "Deployer.Lumia", "Deployer.Lumia\Deployer.Lumia.csproj", "{20501832-13F5-4673-9D86-9E7E0C562027}"
EndProject
Project("{FAE04EC0-301F-11D3-BF4B-00C04F79EFBC}") = "Deployer.Lumia.NetFx", "Deployer.Lumia.NetFx\Deployer.Lumia.NetFx.csproj", "{CFA21504-2CFD-468B-8458-BD9BD05BCF19}"
EndProject
Project("{FAE04EC0-301F-11D3-BF4B-00C04F79EFBC}") = "Deployer.Lumia.Gui", "Deployer.Lumia.Gui\Deployer.Lumia.Gui.csproj", "{76DCD56D-98E7-4EA1-B04B-FA063B953FD7}"
EndProject
Project("{2150E333-8FDC-42A3-9474-1A3956D46DE8}") = "Platform", "Platform", "{37EB1151-97FC-4910-BA90-DB0AA05EA107}"
EndProject
Project("{9A19103F-16F7-4668-BE54-9A1E7A4F7556}") = "Deployer", "DeployerPlatform\Deployer\Deployer.csproj", "{20D40DC1-0237-47A0-B169-B420159E341C}"
EndProject
Project("{FAE04EC0-301F-11D3-BF4B-00C04F79EFBC}") = "Deployer.NetFx", "DeployerPlatform\Deployer.NetFx\Deployer.NetFx.csproj", "{FBEDAF0E-E2ED-4005-8D83-F980FA67FEB2}"
EndProject
Project("{9A19103F-16F7-4668-BE54-9A1E7A4F7556}") = "Registry", "DeployerPlatform\Registry\Registry\Registry.csproj", "{C14523F8-313E-4338-B04B-7C15EC730FFD}"
EndProject
Project("{FAE04EC0-301F-11D3-BF4B-00C04F79EFBC}") = "Deployer.Gui", "DeployerPlatform\Deployer.Gui\Deployer.Gui.csproj", "{AD8EA86C-AF60-4CCF-9CAA-07BBF5E039EC}"
EndProject
Project("{9A19103F-16F7-4668-BE54-9A1E7A4F7556}") = "Zafiro.Core", "DeployerPlatform\Zafiro\Zafiro.Core\Zafiro.Core.csproj", "{FC32478F-26EA-4774-878C-92B08E468ABA}"
EndProject
Project("{FAE04EC0-301F-11D3-BF4B-00C04F79EFBC}") = "Deployer.Lumia.Tests", "Deployer.Lumia.Tests\Deployer.Lumia.Tests.csproj", "{06F14C7E-E1B3-4B97-A4B1-D778ABC4FC4F}"
EndProject
Project("{9A19103F-16F7-4668-BE54-9A1E7A4F7556}") = "Deployer.Tests", "DeployerPlatform\Deployer.Tests\Deployer.Tests.csproj", "{0F950392-CEA6-466D-B91F-987C21EC7B24}"
EndProject
Global
	GlobalSection(SolutionConfigurationPlatforms) = preSolution
		Debug|Any CPU = Debug|Any CPU
		Release|Any CPU = Release|Any CPU
	EndGlobalSection
	GlobalSection(ProjectConfigurationPlatforms) = postSolution
		{20501832-13F5-4673-9D86-9E7E0C562027}.Debug|Any CPU.ActiveCfg = Debug|Any CPU
		{20501832-13F5-4673-9D86-9E7E0C562027}.Debug|Any CPU.Build.0 = Debug|Any CPU
		{20501832-13F5-4673-9D86-9E7E0C562027}.Release|Any CPU.ActiveCfg = Release|Any CPU
		{20501832-13F5-4673-9D86-9E7E0C562027}.Release|Any CPU.Build.0 = Release|Any CPU
		{CFA21504-2CFD-468B-8458-BD9BD05BCF19}.Debug|Any CPU.ActiveCfg = Debug|Any CPU
		{CFA21504-2CFD-468B-8458-BD9BD05BCF19}.Debug|Any CPU.Build.0 = Debug|Any CPU
		{CFA21504-2CFD-468B-8458-BD9BD05BCF19}.Release|Any CPU.ActiveCfg = Release|Any CPU
		{CFA21504-2CFD-468B-8458-BD9BD05BCF19}.Release|Any CPU.Build.0 = Release|Any CPU
		{76DCD56D-98E7-4EA1-B04B-FA063B953FD7}.Debug|Any CPU.ActiveCfg = Debug|Any CPU
		{76DCD56D-98E7-4EA1-B04B-FA063B953FD7}.Debug|Any CPU.Build.0 = Debug|Any CPU
		{76DCD56D-98E7-4EA1-B04B-FA063B953FD7}.Release|Any CPU.ActiveCfg = Release|Any CPU
		{76DCD56D-98E7-4EA1-B04B-FA063B953FD7}.Release|Any CPU.Build.0 = Release|Any CPU
		{20D40DC1-0237-47A0-B169-B420159E341C}.Debug|Any CPU.ActiveCfg = Debug|Any CPU
		{20D40DC1-0237-47A0-B169-B420159E341C}.Debug|Any CPU.Build.0 = Debug|Any CPU
		{20D40DC1-0237-47A0-B169-B420159E341C}.Release|Any CPU.ActiveCfg = Release|Any CPU
		{20D40DC1-0237-47A0-B169-B420159E341C}.Release|Any CPU.Build.0 = Release|Any CPU
		{FBEDAF0E-E2ED-4005-8D83-F980FA67FEB2}.Debug|Any CPU.ActiveCfg = Debug|Any CPU
		{FBEDAF0E-E2ED-4005-8D83-F980FA67FEB2}.Debug|Any CPU.Build.0 = Debug|Any CPU
		{FBEDAF0E-E2ED-4005-8D83-F980FA67FEB2}.Release|Any CPU.ActiveCfg = Release|Any CPU
		{FBEDAF0E-E2ED-4005-8D83-F980FA67FEB2}.Release|Any CPU.Build.0 = Release|Any CPU
		{C14523F8-313E-4338-B04B-7C15EC730FFD}.Debug|Any CPU.ActiveCfg = Debug|Any CPU
		{C14523F8-313E-4338-B04B-7C15EC730FFD}.Debug|Any CPU.Build.0 = Debug|Any CPU
		{C14523F8-313E-4338-B04B-7C15EC730FFD}.Release|Any CPU.ActiveCfg = Release|Any CPU
		{C14523F8-313E-4338-B04B-7C15EC730FFD}.Release|Any CPU.Build.0 = Release|Any CPU
		{AD8EA86C-AF60-4CCF-9CAA-07BBF5E039EC}.Debug|Any CPU.ActiveCfg = Debug|Any CPU
		{AD8EA86C-AF60-4CCF-9CAA-07BBF5E039EC}.Debug|Any CPU.Build.0 = Debug|Any CPU
		{AD8EA86C-AF60-4CCF-9CAA-07BBF5E039EC}.Release|Any CPU.ActiveCfg = Release|Any CPU
		{AD8EA86C-AF60-4CCF-9CAA-07BBF5E039EC}.Release|Any CPU.Build.0 = Release|Any CPU
		{FC32478F-26EA-4774-878C-92B08E468ABA}.Debug|Any CPU.ActiveCfg = Debug|Any CPU
		{FC32478F-26EA-4774-878C-92B08E468ABA}.Debug|Any CPU.Build.0 = Debug|Any CPU
		{FC32478F-26EA-4774-878C-92B08E468ABA}.Release|Any CPU.ActiveCfg = Release|Any CPU
		{FC32478F-26EA-4774-878C-92B08E468ABA}.Release|Any CPU.Build.0 = Release|Any CPU
		{06F14C7E-E1B3-4B97-A4B1-D778ABC4FC4F}.Debug|Any CPU.ActiveCfg = Debug|Any CPU
		{06F14C7E-E1B3-4B97-A4B1-D778ABC4FC4F}.Debug|Any CPU.Build.0 = Debug|Any CPU
		{06F14C7E-E1B3-4B97-A4B1-D778ABC4FC4F}.Release|Any CPU.ActiveCfg = Release|Any CPU
		{06F14C7E-E1B3-4B97-A4B1-D778ABC4FC4F}.Release|Any CPU.Build.0 = Release|Any CPU
		{0F950392-CEA6-466D-B91F-987C21EC7B24}.Debug|Any CPU.ActiveCfg = Debug|Any CPU
		{0F950392-CEA6-466D-B91F-987C21EC7B24}.Debug|Any CPU.Build.0 = Debug|Any CPU
		{0F950392-CEA6-466D-B91F-987C21EC7B24}.Release|Any CPU.ActiveCfg = Release|Any CPU
		{0F950392-CEA6-466D-B91F-987C21EC7B24}.Release|Any CPU.Build.0 = Release|Any CPU
	EndGlobalSection
	GlobalSection(SolutionProperties) = preSolution
		HideSolutionNode = FALSE
	EndGlobalSection
	GlobalSection(NestedProjects) = preSolution
		{20D40DC1-0237-47A0-B169-B420159E341C} = {37EB1151-97FC-4910-BA90-DB0AA05EA107}
		{FBEDAF0E-E2ED-4005-8D83-F980FA67FEB2} = {37EB1151-97FC-4910-BA90-DB0AA05EA107}
		{C14523F8-313E-4338-B04B-7C15EC730FFD} = {37EB1151-97FC-4910-BA90-DB0AA05EA107}
		{AD8EA86C-AF60-4CCF-9CAA-07BBF5E039EC} = {37EB1151-97FC-4910-BA90-DB0AA05EA107}
		{FC32478F-26EA-4774-878C-92B08E468ABA} = {37EB1151-97FC-4910-BA90-DB0AA05EA107}
		{0F950392-CEA6-466D-B91F-987C21EC7B24} = {37EB1151-97FC-4910-BA90-DB0AA05EA107}
	EndGlobalSection
	GlobalSection(ExtensibilityGlobals) = postSolution
		SolutionGuid = {17415657-E67C-4901-A9DD-6372AF9CC25E}
	EndGlobalSection
EndGlobal
